
Microsoft Visual Studio Solution File, Format Version 12.00
# Visual Studio Version 16
VisualStudioVersion = 16.0.28803.352
MinimumVisualStudioVersion = 10.0.40219.1
Project("{FAE04EC0-301F-11D3-BF4B-00C04F79EFBC}") = "DotNetCoreEFAPI", "DotNetCoreEFAPI\DotNetCoreEFAPI.csproj", "{F96CF5D3-8958-4BD3-9001-0A112581D5BC}"
EndProject
Global
	GlobalSection(SolutionConfigurationPlatforms) = preSolution
		Debug|Any CPU = Debug|Any CPU
		Release|Any CPU = Release|Any CPU
	EndGlobalSection
	GlobalSection(ProjectConfigurationPlatforms) = postSolution
		{F96CF5D3-8958-4BD3-9001-0A112581D5BC}.Debug|Any CPU.ActiveCfg = Debug|Any CPU
		{F96CF5D3-8958-4BD3-9001-0A112581D5BC}.Debug|Any CPU.Build.0 = Debug|Any CPU
		{F96CF5D3-8958-4BD3-9001-0A112581D5BC}.Release|Any CPU.ActiveCfg = Release|Any CPU
		{F96CF5D3-8958-4BD3-9001-0A112581D5BC}.Release|Any CPU.Build.0 = Release|Any CPU
	EndGlobalSection
	GlobalSection(SolutionProperties) = preSolution
		HideSolutionNode = FALSE
	EndGlobalSection
	GlobalSection(ExtensibilityGlobals) = postSolution
		SolutionGuid = {00520585-1FF6-4195-82FD-11268D8125A0}
	EndGlobalSection
EndGlobal
